<?xml version="1.0" encoding="utf-8"?>
<Project ToolsVersion="4.0" xmlns="http://schemas.microsoft.com/developer/msbuild/2003">
  <ItemGroup>
    <Filter Include="Source Files">
      <UniqueIdentifier>{4FC737F1-C7A5-4376-A066-2A32D752A2FF}</UniqueIdentifier>
      <Extensions>cpp;c;cc;cxx;def;odl;idl;hpj;bat;asm;asmx</Extensions>
    </Filter>
    <Filter Include="Header Files">
      <UniqueIdentifier>{93995380-89BD-4b04-88EB-625FBE52EBFB}</UniqueIdentifier>
      <Extensions>h;hh;hpp;hxx;hm;inl;inc;xsd</Extensions>
    </Filter>
    <Filter Include="Resource Files">
      <UniqueIdentifier>{67DA6AB6-F800-4c08-8B7A-83BB121AAD01}</UniqueIdentifier>
      <Extensions>rc;ico;cur;bmp;dlg;rc2;rct;bin;rgs;gif;jpg;jpeg;jpe;resx;tiff;tif;png;wav;mfcribbon-ms</Extensions>
    </Filter>
    <Filter Include="Header Files\common">
      <UniqueIdentifier>{3f86b80f-1bb1-4905-ab86-232036e6d4b6}</UniqueIdentifier>
    </Filter>
    <Filter Include="Source Files\common">
      <UniqueIdentifier>{52370615-2af7-4cbd-a293-dd1ec101d2bc}</UniqueIdentifier>
    </Filter>
    <Filter Include="Resource Files\shader">
      <UniqueIdentifier>{bde8087a-f4db-4da7-901e-20c7970b0234}</UniqueIdentifier>
    </Filter>
    <Filter Include="Header Files\common\mesh">
      <UniqueIdentifier>{c583c670-a852-4b74-bfcd-1682b8baf58f}</UniqueIdentifier>
    </Filter>
    <Filter Include="Header Files\common\texture">
      <UniqueIdentifier>{30658980-f6b1-4535-995a-282b8f20cae7}</UniqueIdentifier>
    </Filter>
    <Filter Include="Header Files\common\shader">
      <UniqueIdentifier>{3a7477fb-9359-4897-b5b4-855de41e1b36}</UniqueIdentifier>
    </Filter>
    <Filter Include="Source Files\common\mesh">
      <UniqueIdentifier>{36a57449-e8b7-4db1-87fd-e1b62c3efd9d}</UniqueIdentifier>
    </Filter>
    <Filter Include="Source Files\common\shader">
      <UniqueIdentifier>{172ec48b-f647-4336-809c-6ce47c7ac74f}</UniqueIdentifier>
    </Filter>
    <Filter Include="Source Files\common\texture">
      <UniqueIdentifier>{2e883222-3957-474d-8680-30d293ba6529}</UniqueIdentifier>
    </Filter>
    <Filter Include="Source Files\vc">
      <UniqueIdentifier>{8b9dc3fb-e651-4920-a0ad-c401376ecc95}</UniqueIdentifier>
    </Filter>
    <Filter Include="Header Files\common\misc">
      <UniqueIdentifier>{ff471a22-cdfa-4874-b5a4-591387908977}</UniqueIdentifier>
    </Filter>
    <Filter Include="Source Files\common\misc">
      <UniqueIdentifier>{9dcfaa54-901c-47a5-a17c-29293410d0b1}</UniqueIdentifier>
    </Filter>
    <Filter Include="Header Files\common\io">
      <UniqueIdentifier>{3d31100f-c74b-4235-9afa-a059aeb70731}</UniqueIdentifier>
    </Filter>
    <Filter Include="Source Files\common\io">
      <UniqueIdentifier>{9e44dbbf-ebfd-434d-ad1d-3742a58deeeb}</UniqueIdentifier>
    </Filter>
  </ItemGroup>
  <ItemGroup>
    <ClCompile Include="..\common\mesh.cpp">
      <Filter>Source Files\common\mesh</Filter>
    </ClCompile>
    <ClCompile Include="..\common\texture.cpp">
      <Filter>Source Files\common\texture</Filter>
    </ClCompile>
    <ClCompile Include="..\common\shader.cpp">
      <Filter>Source Files\common\shader</Filter>
    </ClCompile>
    <ClCompile Include="windows_interfacing.cpp">
      <Filter>Source Files\vc</Filter>
    </ClCompile>
    <ClCompile Include="Source.cpp">
      <Filter>Source Files\vc</Filter>
    </ClCompile>
    <ClCompile Include="..\common\DisplayManager.cpp">
      <Filter>Source Files\common\misc</Filter>
    </ClCompile>
    <ClCompile Include="..\common\util.cpp">
      <Filter>Source Files\common\misc</Filter>
    </ClCompile>
    <ClCompile Include="..\common\generic_shader.cpp">
      <Filter>Source Files\common\shader</Filter>
    </ClCompile>
    <ClCompile Include="..\common\uniform_buffer.cpp">
      <Filter>Source Files\common\shader</Filter>
    </ClCompile>
    <ClCompile Include="..\common\transformation3d.cpp">
      <Filter>Source Files\common\mesh</Filter>
    </ClCompile>
    <ClCompile Include="..\common\entity.cpp">
      <Filter>Source Files\common\mesh</Filter>
    </ClCompile>
    <ClCompile Include="..\common\resource_loader.cpp">
      <Filter>Source Files\common\io</Filter>
    </ClCompile>
    <ClCompile Include="..\common\tiny_obj_loader.cpp">
      <Filter>Source Files\common\io</Filter>
    </ClCompile>
    <ClCompile Include="..\common\png.cpp">
      <Filter>Source Files\common\io</Filter>
    </ClCompile>
    <ClCompile Include="..\common\skydome_shader.cpp">
      <Filter>Source Files\common\shader</Filter>
    </ClCompile>
    <ClCompile Include="..\common\skydome.cpp">
      <Filter>Source Files\common\mesh</Filter>
    </ClCompile>
    <ClCompile Include="..\common\renderer.cpp">
      <Filter>Source Files\common\mesh</Filter>
    </ClCompile>
    <ClCompile Include="..\common\map.cpp">
      <Filter>Source Files\common\mesh</Filter>
    </ClCompile>
    <ClCompile Include="..\common\map_shader.cpp">
      <Filter>Source Files\common\shader</Filter>
    </ClCompile>
    <ClCompile Include="..\common\camera.cpp">
      <Filter>Source Files\common\misc</Filter>
    </ClCompile>
  </ItemGroup>
  <ItemGroup>
    <ClInclude Include="..\common\shader.h">
      <Filter>Header Files\common\shader</Filter>
    </ClInclude>
    <ClInclude Include="..\common\mesh.h">
      <Filter>Header Files\common\mesh</Filter>
    </ClInclude>
    <ClInclude Include="..\common\texture.h">
      <Filter>Header Files\common\texture</Filter>
    </ClInclude>
    <ClInclude Include="..\common\config.h">
      <Filter>Header Files\common\misc</Filter>
    </ClInclude>
    <ClInclude Include="..\common\DisplayManager.h">
      <Filter>Header Files\common\misc</Filter>
    </ClInclude>
    <ClInclude Include="..\common\error_codes.h">
      <Filter>Header Files\common\misc</Filter>
    </ClInclude>
    <ClInclude Include="..\common\scope_guard.h">
      <Filter>Header Files\common\misc</Filter>
    </ClInclude>
    <ClInclude Include="..\common\util.h">
      <Filter>Header Files\common\misc</Filter>
    </ClInclude>
    <ClInclude Include="..\common\generic_shader.h">
      <Filter>Header Files\common\shader</Filter>
    </ClInclude>
    <ClInclude Include="..\common\uniform_buffer.h">
      <Filter>Header Files\common\shader</Filter>
    </ClInclude>
    <ClInclude Include="..\common\transformation3d.h">
      <Filter>Header Files\common\mesh</Filter>
    </ClInclude>
    <ClInclude Include="..\common\entity.h">
      <Filter>Header Files\common\mesh</Filter>
    </ClInclude>
    <ClInclude Include="..\common\resource_loader.h">
      <Filter>Header Files\common\io</Filter>
    </ClInclude>
    <ClInclude Include="..\common\tiny_obj_loader.h">
      <Filter>Header Files\common\io</Filter>
    </ClInclude>
    <ClInclude Include="..\common\resource_types.h">
      <Filter>Header Files\common\io</Filter>
    </ClInclude>
    <ClInclude Include="..\common\vertex_attributes.h">
      <Filter>Header Files\common\shader</Filter>
    </ClInclude>
    <ClInclude Include="..\common\skydome_shader.h">
      <Filter>Header Files\common\shader</Filter>
    </ClInclude>
    <ClInclude Include="..\common\skydome.h">
      <Filter>Header Files\common\mesh</Filter>
    </ClInclude>
    <ClInclude Include="..\common\renderer.h">
      <Filter>Header Files\common\misc</Filter>
    </ClInclude>
    <ClInclude Include="..\common\map.h">
      <Filter>Header Files\common\mesh</Filter>
    </ClInclude>
    <ClInclude Include="..\common\map_shader.h">
      <Filter>Header Files\common\shader</Filter>
    </ClInclude>
    <ClInclude Include="..\common\camera.h">
      <Filter>Header Files\common\misc</Filter>
    </ClInclude>
  </ItemGroup>
  <ItemGroup>
    <None Include="..\shader\vertex.shader">
      <Filter>Resource Files\shader</Filter>
    </None>
    <None Include="..\shader\fragment.shader">
      <Filter>Resource Files\shader</Filter>
    </None>
    <None Include="..\shader\master.shader">
      <Filter>Resource Files\shader</Filter>
    </None>
    <None Include="..\shader\skydome.shader">
      <Filter>Resource Files\shader</Filter>
    </None>
    <None Include="..\shader\map_fs.shader">
      <Filter>Resource Files\shader</Filter>
    </None>
    <None Include="..\shader\map_vs.shader">
      <Filter>Resource Files\shader</Filter>
    </None>
  </ItemGroup>
</Project>